# This file is autogenerated, do not edit; changes may be undone by the next 'dep ensure'.


[[projects]]
  branch = "master"
  name = "github.com/mattes/vat"
  packages = ["."]
  revision = "922d56449314355779ce449d646a491e6f7192cf"

[solve-meta]
  analyzer-name = "dep"
  analyzer-version = 1
  inputs-digest = "484db29fdbbd5f0b9f2d755ed264886d105ea9d80a622b008dc37f2074d556d1"
  solver-name = "gps-cdcl"
  solver-version = 1
